// !$*UTF8*$!
{
	archiveVersion = 1;
	classes = {
	};
	objectVersion = 56;
	objects = {

/* Begin PBXBuildFile section */
		7624782B29329327003EB67E /* String+.swift in Sources */ = {isa = PBXBuildFile; fileRef = 7624782A29329327003EB67E /* String+.swift */; };
		76290BF92930B37F0083875E /* demoApp.swift in Sources */ = {isa = PBXBuildFile; fileRef = 76290BF82930B37F0083875E /* demoApp.swift */; };
		76290BFB2930B37F0083875E /* ContentView.swift in Sources */ = {isa = PBXBuildFile; fileRef = 76290BFA2930B37F0083875E /* ContentView.swift */; };
		76290BFD2930B3820083875E /* Assets.xcassets in Resources */ = {isa = PBXBuildFile; fileRef = 76290BFC2930B3820083875E /* Assets.xcassets */; };
		76290C002930B3830083875E /* Preview Assets.xcassets in Resources */ = {isa = PBXBuildFile; fileRef = 76290BFF2930B3820083875E /* Preview Assets.xcassets */; };
		76290C0A2930B4010083875E /* HomeView.swift in Sources */ = {isa = PBXBuildFile; fileRef = 76290C092930B4010083875E /* HomeView.swift */; };
		76290C0C2930B40A0083875E /* HomeViewModel.swift in Sources */ = {isa = PBXBuildFile; fileRef = 76290C0B2930B40A0083875E /* HomeViewModel.swift */; };
		76290C102930B4290083875E /* BaseUITextField.swift in Sources */ = {isa = PBXBuildFile; fileRef = 76290C0F2930B4290083875E /* BaseUITextField.swift */; };
		76290C122930B4AB0083875E /* AuthCodeTextFieldRepresentable.swift in Sources */ = {isa = PBXBuildFile; fileRef = 76290C112930B4AB0083875E /* AuthCodeTextFieldRepresentable.swift */; };
		76290C152930C58A0083875E /* AuthCodeTextField.swift in Sources */ = {isa = PBXBuildFile; fileRef = 76290C142930C58A0083875E /* AuthCodeTextField.swift */; };
		76290C172930C5930083875E /* AuthCodeTextFieldViewModel.swift in Sources */ = {isa = PBXBuildFile; fileRef = 76290C162930C5930083875E /* AuthCodeTextFieldViewModel.swift */; };
		76290C1A2931C87F0083875E /* ResultView.swift in Sources */ = {isa = PBXBuildFile; fileRef = 76290C192931C87F0083875E /* ResultView.swift */; };
		76290C1C2931C8890083875E /* ResultViewModel.swift in Sources */ = {isa = PBXBuildFile; fileRef = 76290C1B2931C8890083875E /* ResultViewModel.swift */; };
		76290C1F2931CC020083875E /* THLogger in Frameworks */ = {isa = PBXBuildFile; productRef = 76290C1E2931CC020083875E /* THLogger */; };
/* End PBXBuildFile section */

/* Begin PBXFileReference section */
		7624782A29329327003EB67E /* String+.swift */ = {isa = PBXFileReference; lastKnownFileType = sourcecode.swift; path = "String+.swift"; sourceTree = "<group>"; };
		76290BF52930B37F0083875E /* demo.app */ = {isa = PBXFileReference; explicitFileType = wrapper.application; includeInIndex = 0; path = demo.app; sourceTree = BUILT_PRODUCTS_DIR; };
		76290BF82930B37F0083875E /* demoApp.swift */ = {isa = PBXFileReference; lastKnownFileType = sourcecode.swift; path = demoApp.swift; sourceTree = "<group>"; };
		76290BFA2930B37F0083875E /* ContentView.swift */ = {isa = PBXFileReference; lastKnownFileType = sourcecode.swift; path = ContentView.swift; sourceTree = "<group>"; };
		76290BFC2930B3820083875E /* Assets.xcassets */ = {isa = PBXFileReference; lastKnownFileType = folder.assetcatalog; path = Assets.xcassets; sourceTree = "<group>"; };
		76290BFF2930B3820083875E /* Preview Assets.xcassets */ = {isa = PBXFileReference; lastKnownFileType = folder.assetcatalog; path = "Preview Assets.xcassets"; sourceTree = "<group>"; };
		76290C092930B4010083875E /* HomeView.swift */ = {isa = PBXFileReference; lastKnownFileType = sourcecode.swift; path = HomeView.swift; sourceTree = "<group>"; };
		76290C0B2930B40A0083875E /* HomeViewModel.swift */ = {isa = PBXFileReference; lastKnownFileType = sourcecode.swift; path = HomeViewModel.swift; sourceTree = "<group>"; };
		76290C0F2930B4290083875E /* BaseUITextField.swift */ = {isa = PBXFileReference; lastKnownFileType = sourcecode.swift; path = BaseUITextField.swift; sourceTree = "<group>"; };
		76290C112930B4AB0083875E /* AuthCodeTextFieldRepresentable.swift */ = {isa = PBXFileReference; lastKnownFileType = sourcecode.swift; path = AuthCodeTextFieldRepresentable.swift; sourceTree = "<group>"; };
		76290C142930C58A0083875E /* AuthCodeTextField.swift */ = {isa = PBXFileReference; lastKnownFileType = sourcecode.swift; path = AuthCodeTextField.swift; sourceTree = "<group>"; };
		76290C162930C5930083875E /* AuthCodeTextFieldViewModel.swift */ = {isa = PBXFileReference; lastKnownFileType = sourcecode.swift; path = AuthCodeTextFieldViewModel.swift; sourceTree = "<group>"; };
		76290C192931C87F0083875E /* ResultView.swift */ = {isa = PBXFileReference; lastKnownFileType = sourcecode.swift; path = ResultView.swift; sourceTree = "<group>"; };
		76290C1B2931C8890083875E /* ResultViewModel.swift */ = {isa = PBXFileReference; lastKnownFileType = sourcecode.swift; path = ResultViewModel.swift; sourceTree = "<group>"; };
/* End PBXFileReference section */

/* Begin PBXFrameworksBuildPhase section */
		76290BF22930B37F0083875E /* Frameworks */ = {
			isa = PBXFrameworksBuildPhase;
			buildActionMask = 2147483647;
			files = (
				76290C1F2931CC020083875E /* THLogger in Frameworks */,
			);
			runOnlyForDeploymentPostprocessing = 0;
		};
/* End PBXFrameworksBuildPhase section */

/* Begin PBXGroup section */
		762478292932931B003EB67E /* Extensions */ = {
			isa = PBXGroup;
			children = (
				7624782A29329327003EB67E /* String+.swift */,
			);
			path = Extensions;
			sourceTree = "<group>";
		};
		76290BEC2930B37F0083875E = {
			isa = PBXGroup;
			children = (
				76290BF72930B37F0083875E /* demo */,
				76290BF62930B37F0083875E /* Products */,
			);
			sourceTree = "<group>";
		};
		76290BF62930B37F0083875E /* Products */ = {
			isa = PBXGroup;
			children = (
				76290BF52930B37F0083875E /* demo.app */,
			);
			name = Products;
			sourceTree = "<group>";
		};
		76290BF72930B37F0083875E /* demo */ = {
			isa = PBXGroup;
			children = (
				762478292932931B003EB67E /* Extensions */,
				76290C0D2930B4110083875E /* Components */,
				76290C072930B3EE0083875E /* Screens */,
				76290C062930B3E40083875E /* Resources */,
				76290BFE2930B3820083875E /* Preview Content */,
			);
			path = demo;
			sourceTree = "<group>";
		};
		76290BFE2930B3820083875E /* Preview Content */ = {
			isa = PBXGroup;
			children = (
				76290BFF2930B3820083875E /* Preview Assets.xcassets */,
			);
			path = "Preview Content";
			sourceTree = "<group>";
		};
		76290C062930B3E40083875E /* Resources */ = {
			isa = PBXGroup;
			children = (
				76290BF82930B37F0083875E /* demoApp.swift */,
				76290BFA2930B37F0083875E /* ContentView.swift */,
				76290BFC2930B3820083875E /* Assets.xcassets */,
			);
			path = Resources;
			sourceTree = "<group>";
		};
		76290C072930B3EE0083875E /* Screens */ = {
			isa = PBXGroup;
			children = (
				76290C182931C8700083875E /* Result */,
				76290C082930B3F50083875E /* Home */,
			);
			path = Screens;
			sourceTree = "<group>";
		};
		76290C082930B3F50083875E /* Home */ = {
			isa = PBXGroup;
			children = (
				76290C092930B4010083875E /* HomeView.swift */,
				76290C0B2930B40A0083875E /* HomeViewModel.swift */,
			);
			path = Home;
			sourceTree = "<group>";
		};
		76290C0D2930B4110083875E /* Components */ = {
			isa = PBXGroup;
			children = (
				76290C132930C57B0083875E /* AuthCode */,
				76290C0E2930B4180083875E /* UITextField */,
			);
			path = Components;
			sourceTree = "<group>";
		};
		76290C0E2930B4180083875E /* UITextField */ = {
			isa = PBXGroup;
			children = (
				76290C0F2930B4290083875E /* BaseUITextField.swift */,
				76290C112930B4AB0083875E /* AuthCodeTextFieldRepresentable.swift */,
			);
			path = UITextField;
			sourceTree = "<group>";
		};
		76290C132930C57B0083875E /* AuthCode */ = {
			isa = PBXGroup;
			children = (
				76290C142930C58A0083875E /* AuthCodeTextField.swift */,
				76290C162930C5930083875E /* AuthCodeTextFieldViewModel.swift */,
			);
			path = AuthCode;
			sourceTree = "<group>";
		};
		76290C182931C8700083875E /* Result */ = {
			isa = PBXGroup;
			children = (
				76290C192931C87F0083875E /* ResultView.swift */,
				76290C1B2931C8890083875E /* ResultViewModel.swift */,
			);
			path = Result;
			sourceTree = "<group>";
		};
/* End PBXGroup section */

/* Begin PBXNativeTarget section */
		76290BF42930B37F0083875E /* demo */ = {
			isa = PBXNativeTarget;
			buildConfigurationList = 76290C032930B3830083875E /* Build configuration list for PBXNativeTarget "demo" */;
			buildPhases = (
				76290BF12930B37F0083875E /* Sources */,
				76290BF22930B37F0083875E /* Frameworks */,
				76290BF32930B37F0083875E /* Resources */,
			);
			buildRules = (
			);
			dependencies = (
			);
			name = demo;
			packageProductDependencies = (
				76290C1E2931CC020083875E /* THLogger */,
			);
			productName = demo;
			productReference = 76290BF52930B37F0083875E /* demo.app */;
			productType = "com.apple.product-type.application";
		};
/* End PBXNativeTarget section */

/* Begin PBXProject section */
		76290BED2930B37F0083875E /* Project object */ = {
			isa = PBXProject;
			attributes = {
				BuildIndependentTargetsInParallel = 1;
				LastSwiftUpdateCheck = 1410;
				LastUpgradeCheck = 1410;
				TargetAttributes = {
					76290BF42930B37F0083875E = {
						CreatedOnToolsVersion = 14.1;
					};
				};
			};
			buildConfigurationList = 76290BF02930B37F0083875E /* Build configuration list for PBXProject "demo" */;
			compatibilityVersion = "Xcode 14.0";
			developmentRegion = en;
			hasScannedForEncodings = 0;
			knownRegions = (
				en,
				Base,
			);
			mainGroup = 76290BEC2930B37F0083875E;
			packageReferences = (
				76290C1D2931CC020083875E /* XCRemoteSwiftPackageReference "THLogger" */,
			);
			productRefGroup = 76290BF62930B37F0083875E /* Products */;
			projectDirPath = "";
			projectRoot = "";
			targets = (
				76290BF42930B37F0083875E /* demo */,
			);
		};
/* End PBXProject section */

/* Begin PBXResourcesBuildPhase section */
		76290BF32930B37F0083875E /* Resources */ = {
			isa = PBXResourcesBuildPhase;
			buildActionMask = 2147483647;
			files = (
				76290C002930B3830083875E /* Preview Assets.xcassets in Resources */,
				76290BFD2930B3820083875E /* Assets.xcassets in Resources */,
			);
			runOnlyForDeploymentPostprocessing = 0;
		};
/* End PBXResourcesBuildPhase section */

/* Begin PBXSourcesBuildPhase section */
		76290BF12930B37F0083875E /* Sources */ = {
			isa = PBXSourcesBuildPhase;
			buildActionMask = 2147483647;
			files = (
				76290C152930C58A0083875E /* AuthCodeTextField.swift in Sources */,
				76290C1C2931C8890083875E /* ResultViewModel.swift in Sources */,
				76290C0A2930B4010083875E /* HomeView.swift in Sources */,
				76290C1A2931C87F0083875E /* ResultView.swift in Sources */,
				76290C172930C5930083875E /* AuthCodeTextFieldViewModel.swift in Sources */,
				76290C122930B4AB0083875E /* AuthCodeTextFieldRepresentable.swift in Sources */,
				76290BFB2930B37F0083875E /* ContentView.swift in Sources */,
				7624782B29329327003EB67E /* String+.swift in Sources */,
				76290BF92930B37F0083875E /* demoApp.swift in Sources */,
				76290C102930B4290083875E /* BaseUITextField.swift in Sources */,
				76290C0C2930B40A0083875E /* HomeViewModel.swift in Sources */,
			);
			runOnlyForDeploymentPostprocessing = 0;
		};
/* End PBXSourcesBuildPhase section */

/* Begin XCBuildConfiguration section */
		76290C012930B3830083875E /* Debug */ = {
			isa = XCBuildConfiguration;
			buildSettings = {
				ALWAYS_SEARCH_USER_PATHS = NO;
				CLANG_ANALYZER_NONNULL = YES;
				CLANG_ANALYZER_NUMBER_OBJECT_CONVERSION = YES_AGGRESSIVE;
				CLANG_CXX_LANGUAGE_STANDARD = "gnu++20";
				CLANG_ENABLE_MODULES = YES;
				CLANG_ENABLE_OBJC_ARC = YES;
				CLANG_ENABLE_OBJC_WEAK = YES;
				CLANG_WARN_BLOCK_CAPTURE_AUTORELEASING = YES;
				CLANG_WARN_BOOL_CONVERSION = YES;
				CLANG_WARN_COMMA = YES;
				CLANG_WARN_CONSTANT_CONVERSION = YES;
				CLANG_WARN_DEPRECATED_OBJC_IMPLEMENTATIONS = YES;
				CLANG_WARN_DIRECT_OBJC_ISA_USAGE = YES_ERROR;
				CLANG_WARN_DOCUMENTATION_COMMENTS = YES;
				CLANG_WARN_EMPTY_BODY = YES;
				CLANG_WARN_ENUM_CONVERSION = YES;
				CLANG_WARN_INFINITE_RECURSION = YES;
				CLANG_WARN_INT_CONVERSION = YES;
				CLANG_WARN_NON_LITERAL_NULL_CONVERSION = YES;
				CLANG_WARN_OBJC_IMPLICIT_RETAIN_SELF = YES;
				CLANG_WARN_OBJC_LITERAL_CONVERSION = YES;
				CLANG_WARN_OBJC_ROOT_CLASS = YES_ERROR;
				CLANG_WARN_QUOTED_INCLUDE_IN_FRAMEWORK_HEADER = YES;
				CLANG_WARN_RANGE_LOOP_ANALYSIS = YES;
				CLANG_WARN_STRICT_PROTOTYPES = YES;
				CLANG_WARN_SUSPICIOUS_MOVE = YES;
				CLANG_WARN_UNGUARDED_AVAILABILITY = YES_AGGRESSIVE;
				CLANG_WARN_UNREACHABLE_CODE = YES;
				CLANG_WARN__DUPLICATE_METHOD_MATCH = YES;
				COPY_PHASE_STRIP = NO;
				DEBUG_INFORMATION_FORMAT = dwarf;
				ENABLE_STRICT_OBJC_MSGSEND = YES;
				ENABLE_TESTABILITY = YES;
				GCC_C_LANGUAGE_STANDARD = gnu11;
				GCC_DYNAMIC_NO_PIC = NO;
				GCC_NO_COMMON_BLOCKS = YES;
				GCC_OPTIMIZATION_LEVEL = 0;
				GCC_PREPROCESSOR_DEFINITIONS = (
					"DEBUG=1",
					"$(inherited)",
				);
				GCC_WARN_64_TO_32_BIT_CONVERSION = YES;
				GCC_WARN_ABOUT_RETURN_TYPE = YES_ERROR;
				GCC_WARN_UNDECLARED_SELECTOR = YES;
				GCC_WARN_UNINITIALIZED_AUTOS = YES_AGGRESSIVE;
				GCC_WARN_UNUSED_FUNCTION = YES;
				GCC_WARN_UNUSED_VARIABLE = YES;
				IPHONEOS_DEPLOYMENT_TARGET = 14.6;
				MTL_ENABLE_DEBUG_INFO = INCLUDE_SOURCE;
				MTL_FAST_MATH = YES;
				ONLY_ACTIVE_ARCH = YES;
				SDKROOT = iphoneos;
				SWIFT_ACTIVE_COMPILATION_CONDITIONS = DEBUG;
				SWIFT_OPTIMIZATION_LEVEL = "-Onone";
			};
			name = Debug;
		};
		76290C022930B3830083875E /* Release */ = {
			isa = XCBuildConfiguration;
			buildSettings = {
				ALWAYS_SEARCH_USER_PATHS = NO;
				CLANG_ANALYZER_NONNULL = YES;
				CLANG_ANALYZER_NUMBER_OBJECT_CONVERSION = YES_AGGRESSIVE;
				CLANG_CXX_LANGUAGE_STANDARD = "gnu++20";
				CLANG_ENABLE_MODULES = YES;
				CLANG_ENABLE_OBJC_ARC = YES;
				CLANG_ENABLE_OBJC_WEAK = YES;
				CLANG_WARN_BLOCK_CAPTURE_AUTORELEASING = YES;
				CLANG_WARN_BOOL_CONVERSION = YES;
				CLANG_WARN_COMMA = YES;
				CLANG_WARN_CONSTANT_CONVERSION = YES;
				CLANG_WARN_DEPRECATED_OBJC_IMPLEMENTATIONS = YES;
				CLANG_WARN_DIRECT_OBJC_ISA_USAGE = YES_ERROR;
				CLANG_WARN_DOCUMENTATION_COMMENTS = YES;
				CLANG_WARN_EMPTY_BODY = YES;
				CLANG_WARN_ENUM_CONVERSION = YES;
				CLANG_WARN_INFINITE_RECURSION = YES;
				CLANG_WARN_INT_CONVERSION = YES;
				CLANG_WARN_NON_LITERAL_NULL_CONVERSION = YES;
				CLANG_WARN_OBJC_IMPLICIT_RETAIN_SELF = YES;
				CLANG_WARN_OBJC_LITERAL_CONVERSION = YES;
				CLANG_WARN_OBJC_ROOT_CLASS = YES_ERROR;
				CLANG_WARN_QUOTED_INCLUDE_IN_FRAMEWORK_HEADER = YES;
				CLANG_WARN_RANGE_LOOP_ANALYSIS = YES;
				CLANG_WARN_STRICT_PROTOTYPES = YES;
				CLANG_WARN_SUSPICIOUS_MOVE = YES;
				CLANG_WARN_UNGUARDED_AVAILABILITY = YES_AGGRESSIVE;
				CLANG_WARN_UNREACHABLE_CODE = YES;
				CLANG_WARN__DUPLICATE_METHOD_MATCH = YES;
				COPY_PHASE_STRIP = NO;
				DEBUG_INFORMATION_FORMAT = "dwarf-with-dsym";
				ENABLE_NS_ASSERTIONS = NO;
				ENABLE_STRICT_OBJC_MSGSEND = YES;
				GCC_C_LANGUAGE_STANDARD = gnu11;
				GCC_NO_COMMON_BLOCKS = YES;
				GCC_WARN_64_TO_32_BIT_CONVERSION = YES;
				GCC_WARN_ABOUT_RETURN_TYPE = YES_ERROR;
				GCC_WARN_UNDECLARED_SELECTOR = YES;
				GCC_WARN_UNINITIALIZED_AUTOS = YES_AGGRESSIVE;
				GCC_WARN_UNUSED_FUNCTION = YES;
				GCC_WARN_UNUSED_VARIABLE = YES;
				IPHONEOS_DEPLOYMENT_TARGET = 14.6;
				MTL_ENABLE_DEBUG_INFO = NO;
				MTL_FAST_MATH = YES;
				SDKROOT = iphoneos;
				SWIFT_COMPILATION_MODE = wholemodule;
				SWIFT_OPTIMIZATION_LEVEL = "-O";
				VALIDATE_PRODUCT = YES;
			};
			name = Release;
		};
		76290C042930B3830083875E /* Debug */ = {
			isa = XCBuildConfiguration;
			buildSettings = {
				ASSETCATALOG_COMPILER_APPICON_NAME = AppIcon;
				ASSETCATALOG_COMPILER_GLOBAL_ACCENT_COLOR_NAME = AccentColor;
				CODE_SIGN_STYLE = Automatic;
				CURRENT_PROJECT_VERSION = 1;
				DEVELOPMENT_ASSET_PATHS = "\"demo/Preview Content\"";
				DEVELOPMENT_TEAM = FP5AQZ56FT;
				ENABLE_PREVIEWS = YES;
				GENERATE_INFOPLIST_FILE = YES;
				INFOPLIST_KEY_UIApplicationSceneManifest_Generation = YES;
				INFOPLIST_KEY_UIApplicationSupportsIndirectInputEvents = YES;
				INFOPLIST_KEY_UILaunchScreen_Generation = YES;
				INFOPLIST_KEY_UISupportedInterfaceOrientations_iPad = "UIInterfaceOrientationPortrait UIInterfaceOrientationPortraitUpsideDown UIInterfaceOrientationLandscapeLeft UIInterfaceOrientationLandscapeRight";
				INFOPLIST_KEY_UISupportedInterfaceOrientations_iPhone = "UIInterfaceOrientationPortrait UIInterfaceOrientationLandscapeLeft UIInterfaceOrientationLandscapeRight";
				LD_RUNPATH_SEARCH_PATHS = (
					"$(inherited)",
					"@executable_path/Frameworks",
				);
				MARKETING_VERSION = 1.0;
				PRODUCT_BUNDLE_IDENTIFIER = com.taro.demo;
				PRODUCT_NAME = "$(TARGET_NAME)";
				SUPPORTED_PLATFORMS = "iphoneos iphonesimulator";
				SUPPORTS_MACCATALYST = NO;
				SUPPORTS_MAC_DESIGNED_FOR_IPHONE_IPAD = NO;
				SWIFT_EMIT_LOC_STRINGS = YES;
				SWIFT_VERSION = 5.0;
				TARGETED_DEVICE_FAMILY = 1;
			};
			name = Debug;
		};
		76290C052930B3830083875E /* Release */ = {
			isa = XCBuildConfiguration;
			buildSettings = {
				ASSETCATALOG_COMPILER_APPICON_NAME = AppIcon;
				ASSETCATALOG_COMPILER_GLOBAL_ACCENT_COLOR_NAME = AccentColor;
				CODE_SIGN_STYLE = Automatic;
				CURRENT_PROJECT_VERSION = 1;
				DEVELOPMENT_ASSET_PATHS = "\"demo/Preview Content\"";
				DEVELOPMENT_TEAM = FP5AQZ56FT;
				ENABLE_PREVIEWS = YES;
				GENERATE_INFOPLIST_FILE = YES;
				INFOPLIST_KEY_UIApplicationSceneManifest_Generation = YES;
				INFOPLIST_KEY_UIApplicationSupportsIndirectInputEvents = YES;
				INFOPLIST_KEY_UILaunchScreen_Generation = YES;
				INFOPLIST_KEY_UISupportedInterfaceOrientations_iPad = "UIInterfaceOrientationPortrait UIInterfaceOrientationPortraitUpsideDown UIInterfaceOrientationLandscapeLeft UIInterfaceOrientationLandscapeRight";
				INFOPLIST_KEY_UISupportedInterfaceOrientations_iPhone = "UIInterfaceOrientationPortrait UIInterfaceOrientationLandscapeLeft UIInterfaceOrientationLandscapeRight";
				LD_RUNPATH_SEARCH_PATHS = (
					"$(inherited)",
					"@executable_path/Frameworks",
				);
				MARKETING_VERSION = 1.0;
				PRODUCT_BUNDLE_IDENTIFIER = com.taro.demo;
				PRODUCT_NAME = "$(TARGET_NAME)";
				SUPPORTED_PLATFORMS = "iphoneos iphonesimulator";
				SUPPORTS_MACCATALYST = NO;
				SUPPORTS_MAC_DESIGNED_FOR_IPHONE_IPAD = NO;
				SWIFT_EMIT_LOC_STRINGS = YES;
				SWIFT_VERSION = 5.0;
				TARGETED_DEVICE_FAMILY = 1;
			};
			name = Release;
		};
/* End XCBuildConfiguration section */

/* Begin XCConfigurationList section */
		76290BF02930B37F0083875E /* Build configuration list for PBXProject "demo" */ = {
			isa = XCConfigurationList;
			buildConfigurations = (
				76290C012930B3830083875E /* Debug */,
				76290C022930B3830083875E /* Release */,
			);
			defaultConfigurationIsVisible = 0;
			defaultConfigurationName = Release;
		};
		76290C032930B3830083875E /* Build configuration list for PBXNativeTarget "demo" */ = {
			isa = XCConfigurationList;
			buildConfigurations = (
				76290C042930B3830083875E /* Debug */,
				76290C052930B3830083875E /* Release */,
			);
			defaultConfigurationIsVisible = 0;
			defaultConfigurationName = Release;
		};
/* End XCConfigurationList section */

/* Begin XCRemoteSwiftPackageReference section */
		76290C1D2931CC020083875E /* XCRemoteSwiftPackageReference "THLogger" */ = {
			isa = XCRemoteSwiftPackageReference;
			repositoryURL = "https://github.com/h-taro/THLogger";
			requirement = {
				kind = upToNextMajorVersion;
				minimumVersion = 0.0.4;
			};
		};
/* End XCRemoteSwiftPackageReference section */

/* Begin XCSwiftPackageProductDependency section */
		76290C1E2931CC020083875E /* THLogger */ = {
			isa = XCSwiftPackageProductDependency;
			package = 76290C1D2931CC020083875E /* XCRemoteSwiftPackageReference "THLogger" */;
			productName = THLogger;
		};
/* End XCSwiftPackageProductDependency section */
	};
	rootObject = 76290BED2930B37F0083875E /* Project object */;
}
